
Microsoft Visual Studio Solution File, Format Version 12.00
Project("{FAE04EC0-301F-11D3-BF4B-00C04F79EFBC}") = "BGGClient", "BGGClient\BGGClient.csproj", "{AE5C83CC-5AAD-4876-89E6-6D6073C1508C}"
EndProject
Global
	GlobalSection(SolutionConfigurationPlatforms) = preSolution
		Debug|Any CPU = Debug|Any CPU
		Release|Any CPU = Release|Any CPU
	EndGlobalSection
	GlobalSection(ProjectConfigurationPlatforms) = postSolution
		{AE5C83CC-5AAD-4876-89E6-6D6073C1508C}.Debug|Any CPU.ActiveCfg = Debug|Any CPU
		{AE5C83CC-5AAD-4876-89E6-6D6073C1508C}.Debug|Any CPU.Build.0 = Debug|Any CPU
		{AE5C83CC-5AAD-4876-89E6-6D6073C1508C}.Release|Any CPU.ActiveCfg = Release|Any CPU
		{AE5C83CC-5AAD-4876-89E6-6D6073C1508C}.Release|Any CPU.Build.0 = Release|Any CPU
	EndGlobalSection
EndGlobal
